
Microsoft Visual Studio Solution File, Format Version 12.00
# Visual Studio Version 16
VisualStudioVersion = 16.0.32228.343
MinimumVisualStudioVersion = 10.0.40219.1
Project("{FAE04EC0-301F-11D3-BF4B-00C04F79EFBC}") = "app1", "app1\app1.csproj", "{AC4CAD16-A40D-4C85-A1BF-07CF98DED288}"
EndProject
Global
	GlobalSection(SolutionConfigurationPlatforms) = preSolution
		Debug|Any CPU = Debug|Any CPU
		Release|Any CPU = Release|Any CPU
	EndGlobalSection
	GlobalSection(ProjectConfigurationPlatforms) = postSolution
		{AC4CAD16-A40D-4C85-A1BF-07CF98DED288}.Debug|Any CPU.ActiveCfg = Debug|Any CPU
		{AC4CAD16-A40D-4C85-A1BF-07CF98DED288}.Debug|Any CPU.Build.0 = Debug|Any CPU
		{AC4CAD16-A40D-4C85-A1BF-07CF98DED288}.Release|Any CPU.ActiveCfg = Release|Any CPU
		{AC4CAD16-A40D-4C85-A1BF-07CF98DED288}.Release|Any CPU.Build.0 = Release|Any CPU
	EndGlobalSection
	GlobalSection(SolutionProperties) = preSolution
		HideSolutionNode = FALSE
	EndGlobalSection
	GlobalSection(ExtensibilityGlobals) = postSolution
		SolutionGuid = {2A2D50DB-8BC2-4276-A064-04A1BC051473}
	EndGlobalSection
EndGlobal
